
Microsoft Visual Studio Solution File, Format Version 12.00
# Visual Studio Version 17
VisualStudioVersion = 17.9.34902.65
MinimumVisualStudioVersion = 10.0.40219.1
Project("{FAE04EC0-301F-11D3-BF4B-00C04F79EFBC}") = "Diplom0.2", "Diplom0.2.csproj", "{855FA53D-2645-4FBF-B544-CD3C36FD106E}"
EndProject
Global
	GlobalSection(SolutionConfigurationPlatforms) = preSolution
		Debug|Any CPU = Debug|Any CPU
		Release|Any CPU = Release|Any CPU
	EndGlobalSection
	GlobalSection(ProjectConfigurationPlatforms) = postSolution
		{855FA53D-2645-4FBF-B544-CD3C36FD106E}.Debug|Any CPU.ActiveCfg = Debug|Any CPU
		{855FA53D-2645-4FBF-B544-CD3C36FD106E}.Debug|Any CPU.Build.0 = Debug|Any CPU
		{855FA53D-2645-4FBF-B544-CD3C36FD106E}.Release|Any CPU.ActiveCfg = Release|Any CPU
		{855FA53D-2645-4FBF-B544-CD3C36FD106E}.Release|Any CPU.Build.0 = Release|Any CPU
	EndGlobalSection
	GlobalSection(SolutionProperties) = preSolution
		HideSolutionNode = FALSE
	EndGlobalSection
	GlobalSection(ExtensibilityGlobals) = postSolution
		SolutionGuid = {78C88932-0457-40FA-AD66-310A1E903BEE}
	EndGlobalSection
EndGlobal
